
Microsoft Visual Studio Solution File, Format Version 12.00
# Visual Studio Version 16
VisualStudioVersion = 16.0.31515.178
MinimumVisualStudioVersion = 10.0.40219.1
Project("{888888A0-9F3D-457C-B088-3A5042F75D52}") = "DjangoWebProject1", "DjangoWebProject1\DjangoWebProject1.pyproj", "{84A129FE-08E4-4740-9B11-099C1C8D5FDF}"
EndProject
Global
	GlobalSection(SolutionConfigurationPlatforms) = preSolution
		Debug|Any CPU = Debug|Any CPU
		Release|Any CPU = Release|Any CPU
	EndGlobalSection
	GlobalSection(ProjectConfigurationPlatforms) = postSolution
		{84A129FE-08E4-4740-9B11-099C1C8D5FDF}.Debug|Any CPU.ActiveCfg = Debug|Any CPU
		{84A129FE-08E4-4740-9B11-099C1C8D5FDF}.Debug|Any CPU.Build.0 = Debug|Any CPU
		{84A129FE-08E4-4740-9B11-099C1C8D5FDF}.Release|Any CPU.ActiveCfg = Release|Any CPU
		{84A129FE-08E4-4740-9B11-099C1C8D5FDF}.Release|Any CPU.Build.0 = Release|Any CPU
	EndGlobalSection
	GlobalSection(SolutionProperties) = preSolution
		HideSolutionNode = FALSE
	EndGlobalSection
	GlobalSection(ExtensibilityGlobals) = postSolution
		SolutionGuid = {2B7BCA9F-A4F5-4FD2-8CC2-B654E428DC2B}
	EndGlobalSection
EndGlobal
